// !$*UTF8*$!
{
	archiveVersion = 1;
	classes = {
	};
	objectVersion = 48;
	objects = {

/* Begin PBXBuildFile section */
		A12912C71FA56D700065D44E /* LeagueVC.swift in Sources */ = {isa = PBXBuildFile; fileRef = A12912C61FA56D700065D44E /* LeagueVC.swift */; };
		A12912C91FA56D820065D44E /* SkillVC.swift in Sources */ = {isa = PBXBuildFile; fileRef = A12912C81FA56D820065D44E /* SkillVC.swift */; };
		A13E226B1FA4BD5E00EE58B7 /* AppDelegate.swift in Sources */ = {isa = PBXBuildFile; fileRef = A13E226A1FA4BD5E00EE58B7 /* AppDelegate.swift */; };
		A13E226D1FA4BD5E00EE58B7 /* WelcomeVC.swift in Sources */ = {isa = PBXBuildFile; fileRef = A13E226C1FA4BD5E00EE58B7 /* WelcomeVC.swift */; };
		A13E22701FA4BD5E00EE58B7 /* Main.storyboard in Resources */ = {isa = PBXBuildFile; fileRef = A13E226E1FA4BD5E00EE58B7 /* Main.storyboard */; };
		A13E22721FA4BD5E00EE58B7 /* Assets.xcassets in Resources */ = {isa = PBXBuildFile; fileRef = A13E22711FA4BD5E00EE58B7 /* Assets.xcassets */; };
		A13E22751FA4BD5E00EE58B7 /* LaunchScreen.storyboard in Resources */ = {isa = PBXBuildFile; fileRef = A13E22731FA4BD5E00EE58B7 /* LaunchScreen.storyboard */; };
		A13E227E1FA54D7D00EE58B7 /* BorderButton.swift in Sources */ = {isa = PBXBuildFile; fileRef = A13E227D1FA54D7D00EE58B7 /* BorderButton.swift */; };
		A1C5D3851FA8972900443BF8 /* Player.swift in Sources */ = {isa = PBXBuildFile; fileRef = A1C5D3841FA8972900443BF8 /* Player.swift */; };
/* End PBXBuildFile section */

/* Begin PBXFileReference section */
		A12912C61FA56D700065D44E /* LeagueVC.swift */ = {isa = PBXFileReference; lastKnownFileType = sourcecode.swift; path = LeagueVC.swift; sourceTree = "<group>"; };
		A12912C81FA56D820065D44E /* SkillVC.swift */ = {isa = PBXFileReference; lastKnownFileType = sourcecode.swift; path = SkillVC.swift; sourceTree = "<group>"; };
		A13E22671FA4BD5E00EE58B7 /* app-swoosh.app */ = {isa = PBXFileReference; explicitFileType = wrapper.application; includeInIndex = 0; path = "app-swoosh.app"; sourceTree = BUILT_PRODUCTS_DIR; };
		A13E226A1FA4BD5E00EE58B7 /* AppDelegate.swift */ = {isa = PBXFileReference; lastKnownFileType = sourcecode.swift; path = AppDelegate.swift; sourceTree = "<group>"; };
		A13E226C1FA4BD5E00EE58B7 /* WelcomeVC.swift */ = {isa = PBXFileReference; lastKnownFileType = sourcecode.swift; path = WelcomeVC.swift; sourceTree = "<group>"; };
		A13E226F1FA4BD5E00EE58B7 /* Base */ = {isa = PBXFileReference; lastKnownFileType = file.storyboard; name = Base; path = Base.lproj/Main.storyboard; sourceTree = "<group>"; };
		A13E22711FA4BD5E00EE58B7 /* Assets.xcassets */ = {isa = PBXFileReference; lastKnownFileType = folder.assetcatalog; path = Assets.xcassets; sourceTree = "<group>"; };
		A13E22741FA4BD5E00EE58B7 /* Base */ = {isa = PBXFileReference; lastKnownFileType = file.storyboard; name = Base; path = Base.lproj/LaunchScreen.storyboard; sourceTree = "<group>"; };
		A13E22761FA4BD5E00EE58B7 /* Info.plist */ = {isa = PBXFileReference; lastKnownFileType = text.plist.xml; path = Info.plist; sourceTree = "<group>"; };
		A13E227D1FA54D7D00EE58B7 /* BorderButton.swift */ = {isa = PBXFileReference; lastKnownFileType = sourcecode.swift; path = BorderButton.swift; sourceTree = "<group>"; };
		A1C5D3841FA8972900443BF8 /* Player.swift */ = {isa = PBXFileReference; lastKnownFileType = sourcecode.swift; path = Player.swift; sourceTree = "<group>"; };
/* End PBXFileReference section */

/* Begin PBXFrameworksBuildPhase section */
		A13E22641FA4BD5E00EE58B7 /* Frameworks */ = {
			isa = PBXFrameworksBuildPhase;
			buildActionMask = 2147483647;
			files = (
			);
			runOnlyForDeploymentPostprocessing = 0;
		};
/* End PBXFrameworksBuildPhase section */

/* Begin PBXGroup section */
		A13E225E1FA4BD5E00EE58B7 = {
			isa = PBXGroup;
			children = (
				A13E22691FA4BD5E00EE58B7 /* app-swoosh */,
				A13E22681FA4BD5E00EE58B7 /* Products */,
			);
			sourceTree = "<group>";
		};
		A13E22681FA4BD5E00EE58B7 /* Products */ = {
			isa = PBXGroup;
			children = (
				A13E22671FA4BD5E00EE58B7 /* app-swoosh.app */,
			);
			name = Products;
			sourceTree = "<group>";
		};
		A13E22691FA4BD5E00EE58B7 /* app-swoosh */ = {
			isa = PBXGroup;
			children = (
				A17E70631FA56C2000641DC5 /* Model */,
				A17E70621FA56C1900641DC5 /* Controller */,
				A13E227C1FA4C15C00EE58B7 /* View */,
				A13E226A1FA4BD5E00EE58B7 /* AppDelegate.swift */,
				A13E226E1FA4BD5E00EE58B7 /* Main.storyboard */,
				A13E22711FA4BD5E00EE58B7 /* Assets.xcassets */,
				A13E22731FA4BD5E00EE58B7 /* LaunchScreen.storyboard */,
				A13E22761FA4BD5E00EE58B7 /* Info.plist */,
			);
			path = "app-swoosh";
			sourceTree = "<group>";
		};
		A13E227C1FA4C15C00EE58B7 /* View */ = {
			isa = PBXGroup;
			children = (
				A13E227D1FA54D7D00EE58B7 /* BorderButton.swift */,
			);
			path = View;
			sourceTree = "<group>";
		};
		A17E70621FA56C1900641DC5 /* Controller */ = {
			isa = PBXGroup;
			children = (
				A13E226C1FA4BD5E00EE58B7 /* WelcomeVC.swift */,
				A12912C61FA56D700065D44E /* LeagueVC.swift */,
				A12912C81FA56D820065D44E /* SkillVC.swift */,
			);
			path = Controller;
			sourceTree = "<group>";
		};
		A17E70631FA56C2000641DC5 /* Model */ = {
			isa = PBXGroup;
			children = (
				A1C5D3841FA8972900443BF8 /* Player.swift */,
			);
			path = Model;
			sourceTree = "<group>";
		};
/* End PBXGroup section */

/* Begin PBXNativeTarget section */
		A13E22661FA4BD5E00EE58B7 /* app-swoosh */ = {
			isa = PBXNativeTarget;
			buildConfigurationList = A13E22791FA4BD5E00EE58B7 /* Build configuration list for PBXNativeTarget "app-swoosh" */;
			buildPhases = (
				A13E22631FA4BD5E00EE58B7 /* Sources */,
				A13E22641FA4BD5E00EE58B7 /* Frameworks */,
				A13E22651FA4BD5E00EE58B7 /* Resources */,
			);
			buildRules = (
			);
			dependencies = (
			);
			name = "app-swoosh";
			productName = "app-swoosh";
			productReference = A13E22671FA4BD5E00EE58B7 /* app-swoosh.app */;
			productType = "com.apple.product-type.application";
		};
/* End PBXNativeTarget section */

/* Begin PBXProject section */
		A13E225F1FA4BD5E00EE58B7 /* Project object */ = {
			isa = PBXProject;
			attributes = {
				LastSwiftUpdateCheck = 0900;
				LastUpgradeCheck = 0900;
				ORGANIZATIONNAME = none;
				TargetAttributes = {
					A13E22661FA4BD5E00EE58B7 = {
						CreatedOnToolsVersion = 9.0.1;
						ProvisioningStyle = Automatic;
					};
				};
			};
			buildConfigurationList = A13E22621FA4BD5E00EE58B7 /* Build configuration list for PBXProject "app-swoosh" */;
			compatibilityVersion = "Xcode 8.0";
			developmentRegion = en;
			hasScannedForEncodings = 0;
			knownRegions = (
				en,
				Base,
			);
			mainGroup = A13E225E1FA4BD5E00EE58B7;
			productRefGroup = A13E22681FA4BD5E00EE58B7 /* Products */;
			projectDirPath = "";
			projectRoot = "";
			targets = (
				A13E22661FA4BD5E00EE58B7 /* app-swoosh */,
			);
		};
/* End PBXProject section */

/* Begin PBXResourcesBuildPhase section */
		A13E22651FA4BD5E00EE58B7 /* Resources */ = {
			isa = PBXResourcesBuildPhase;
			buildActionMask = 2147483647;
			files = (
				A13E22751FA4BD5E00EE58B7 /* LaunchScreen.storyboard in Resources */,
				A13E22721FA4BD5E00EE58B7 /* Assets.xcassets in Resources */,
				A13E22701FA4BD5E00EE58B7 /* Main.storyboard in Resources */,
			);
			runOnlyForDeploymentPostprocessing = 0;
		};
/* End PBXResourcesBuildPhase section */

/* Begin PBXSourcesBuildPhase section */
		A13E22631FA4BD5E00EE58B7 /* Sources */ = {
			isa = PBXSourcesBuildPhase;
			buildActionMask = 2147483647;
			files = (
				A13E226D1FA4BD5E00EE58B7 /* WelcomeVC.swift in Sources */,
				A12912C71FA56D700065D44E /* LeagueVC.swift in Sources */,
				A13E226B1FA4BD5E00EE58B7 /* AppDelegate.swift in Sources */,
				A12912C91FA56D820065D44E /* SkillVC.swift in Sources */,
				A1C5D3851FA8972900443BF8 /* Player.swift in Sources */,
				A13E227E1FA54D7D00EE58B7 /* BorderButton.swift in Sources */,
			);
			runOnlyForDeploymentPostprocessing = 0;
		};
/* End PBXSourcesBuildPhase section */

/* Begin PBXVariantGroup section */
		A13E226E1FA4BD5E00EE58B7 /* Main.storyboard */ = {
			isa = PBXVariantGroup;
			children = (
				A13E226F1FA4BD5E00EE58B7 /* Base */,
			);
			name = Main.storyboard;
			sourceTree = "<group>";
		};
		A13E22731FA4BD5E00EE58B7 /* LaunchScreen.storyboard */ = {
			isa = PBXVariantGroup;
			children = (
				A13E22741FA4BD5E00EE58B7 /* Base */,
			);
			name = LaunchScreen.storyboard;
			sourceTree = "<group>";
		};
/* End PBXVariantGroup section */

/* Begin XCBuildConfiguration section */
		A13E22771FA4BD5E00EE58B7 /* Debug */ = {
			isa = XCBuildConfiguration;
			buildSettings = {
				ALWAYS_SEARCH_USER_PATHS = NO;
				CLANG_ANALYZER_NONNULL = YES;
				CLANG_ANALYZER_NUMBER_OBJECT_CONVERSION = YES_AGGRESSIVE;
				CLANG_CXX_LANGUAGE_STANDARD = "gnu++14";
				CLANG_CXX_LIBRARY = "libc++";
				CLANG_ENABLE_MODULES = YES;
				CLANG_ENABLE_OBJC_ARC = YES;
				CLANG_WARN_BLOCK_CAPTURE_AUTORELEASING = YES;
				CLANG_WARN_BOOL_CONVERSION = YES;
				CLANG_WARN_COMMA = YES;
				CLANG_WARN_CONSTANT_CONVERSION = YES;
				CLANG_WARN_DIRECT_OBJC_ISA_USAGE = YES_ERROR;
				CLANG_WARN_DOCUMENTATION_COMMENTS = YES;
				CLANG_WARN_EMPTY_BODY = YES;
				CLANG_WARN_ENUM_CONVERSION = YES;
				CLANG_WARN_INFINITE_RECURSION = YES;
				CLANG_WARN_INT_CONVERSION = YES;
				CLANG_WARN_NON_LITERAL_NULL_CONVERSION = YES;
				CLANG_WARN_OBJC_LITERAL_CONVERSION = YES;
				CLANG_WARN_OBJC_ROOT_CLASS = YES_ERROR;
				CLANG_WARN_RANGE_LOOP_ANALYSIS = YES;
				CLANG_WARN_STRICT_PROTOTYPES = YES;
				CLANG_WARN_SUSPICIOUS_MOVE = YES;
				CLANG_WARN_UNGUARDED_AVAILABILITY = YES_AGGRESSIVE;
				CLANG_WARN_UNREACHABLE_CODE = YES;
				CLANG_WARN__DUPLICATE_METHOD_MATCH = YES;
				CODE_SIGN_IDENTITY = "iPhone Developer";
				COPY_PHASE_STRIP = NO;
				DEBUG_INFORMATION_FORMAT = dwarf;
				ENABLE_STRICT_OBJC_MSGSEND = YES;
				ENABLE_TESTABILITY = YES;
				GCC_C_LANGUAGE_STANDARD = gnu11;
				GCC_DYNAMIC_NO_PIC = NO;
				GCC_NO_COMMON_BLOCKS = YES;
				GCC_OPTIMIZATION_LEVEL = 0;
				GCC_PREPROCESSOR_DEFINITIONS = (
					"DEBUG=1",
					"$(inherited)",
				);
				GCC_WARN_64_TO_32_BIT_CONVERSION = YES;
				GCC_WARN_ABOUT_RETURN_TYPE = YES_ERROR;
				GCC_WARN_UNDECLARED_SELECTOR = YES;
				GCC_WARN_UNINITIALIZED_AUTOS = YES_AGGRESSIVE;
				GCC_WARN_UNUSED_FUNCTION = YES;
				GCC_WARN_UNUSED_VARIABLE = YES;
				IPHONEOS_DEPLOYMENT_TARGET = 11.0;
				MTL_ENABLE_DEBUG_INFO = YES;
				ONLY_ACTIVE_ARCH = YES;
				SDKROOT = iphoneos;
				SWIFT_ACTIVE_COMPILATION_CONDITIONS = DEBUG;
				SWIFT_OPTIMIZATION_LEVEL = "-Onone";
			};
			name = Debug;
		};
		A13E22781FA4BD5E00EE58B7 /* Release */ = {
			isa = XCBuildConfiguration;
			buildSettings = {
				ALWAYS_SEARCH_USER_PATHS = NO;
				CLANG_ANALYZER_NONNULL = YES;
				CLANG_ANALYZER_NUMBER_OBJECT_CONVERSION = YES_AGGRESSIVE;
				CLANG_CXX_LANGUAGE_STANDARD = "gnu++14";
				CLANG_CXX_LIBRARY = "libc++";
				CLANG_ENABLE_MODULES = YES;
				CLANG_ENABLE_OBJC_ARC = YES;
				CLANG_WARN_BLOCK_CAPTURE_AUTORELEASING = YES;
				CLANG_WARN_BOOL_CONVERSION = YES;
				CLANG_WARN_COMMA = YES;
				CLANG_WARN_CONSTANT_CONVERSION = YES;
				CLANG_WARN_DIRECT_OBJC_ISA_USAGE = YES_ERROR;
				CLANG_WARN_DOCUMENTATION_COMMENTS = YES;
				CLANG_WARN_EMPTY_BODY = YES;
				CLANG_WARN_ENUM_CONVERSION = YES;
				CLANG_WARN_INFINITE_RECURSION = YES;
				CLANG_WARN_INT_CONVERSION = YES;
				CLANG_WARN_NON_LITERAL_NULL_CONVERSION = YES;
				CLANG_WARN_OBJC_LITERAL_CONVERSION = YES;
				CLANG_WARN_OBJC_ROOT_CLASS = YES_ERROR;
				CLANG_WARN_RANGE_LOOP_ANALYSIS = YES;
				CLANG_WARN_STRICT_PROTOTYPES = YES;
				CLANG_WARN_SUSPICIOUS_MOVE = YES;
				CLANG_WARN_UNGUARDED_AVAILABILITY = YES_AGGRESSIVE;
				CLANG_WARN_UNREACHABLE_CODE = YES;
				CLANG_WARN__DUPLICATE_METHOD_MATCH = YES;
				CODE_SIGN_IDENTITY = "iPhone Developer";
				COPY_PHASE_STRIP = NO;
				DEBUG_INFORMATION_FORMAT = "dwarf-with-dsym";
				ENABLE_NS_ASSERTIONS = NO;
				ENABLE_STRICT_OBJC_MSGSEND = YES;
				GCC_C_LANGUAGE_STANDARD = gnu11;
				GCC_NO_COMMON_BLOCKS = YES;
				GCC_WARN_64_TO_32_BIT_CONVERSION = YES;
				GCC_WARN_ABOUT_RETURN_TYPE = YES_ERROR;
				GCC_WARN_UNDECLARED_SELECTOR = YES;
				GCC_WARN_UNINITIALIZED_AUTOS = YES_AGGRESSIVE;
				GCC_WARN_UNUSED_FUNCTION = YES;
				GCC_WARN_UNUSED_VARIABLE = YES;
				IPHONEOS_DEPLOYMENT_TARGET = 11.0;
				MTL_ENABLE_DEBUG_INFO = NO;
				SDKROOT = iphoneos;
				SWIFT_OPTIMIZATION_LEVEL = "-Owholemodule";
				VALIDATE_PRODUCT = YES;
			};
			name = Release;
		};
		A13E227A1FA4BD5E00EE58B7 /* Debug */ = {
			isa = XCBuildConfiguration;
			buildSettings = {
				ASSETCATALOG_COMPILER_APPICON_NAME = AppIcon;
				CODE_SIGN_STYLE = Automatic;
				INFOPLIST_FILE = "app-swoosh/Info.plist";
				LD_RUNPATH_SEARCH_PATHS = "$(inherited) @executable_path/Frameworks";
				PRODUCT_BUNDLE_IDENTIFIER = "none.app-swoosh";
				PRODUCT_NAME = "$(TARGET_NAME)";
				SWIFT_VERSION = 4.0;
				TARGETED_DEVICE_FAMILY = "1,2";
			};
			name = Debug;
		};
		A13E227B1FA4BD5E00EE58B7 /* Release */ = {
			isa = XCBuildConfiguration;
			buildSettings = {
				ASSETCATALOG_COMPILER_APPICON_NAME = AppIcon;
				CODE_SIGN_STYLE = Automatic;
				INFOPLIST_FILE = "app-swoosh/Info.plist";
				LD_RUNPATH_SEARCH_PATHS = "$(inherited) @executable_path/Frameworks";
				PRODUCT_BUNDLE_IDENTIFIER = "none.app-swoosh";
				PRODUCT_NAME = "$(TARGET_NAME)";
				SWIFT_VERSION = 4.0;
				TARGETED_DEVICE_FAMILY = "1,2";
			};
			name = Release;
		};
/* End XCBuildConfiguration section */

/* Begin XCConfigurationList section */
		A13E22621FA4BD5E00EE58B7 /* Build configuration list for PBXProject "app-swoosh" */ = {
			isa = XCConfigurationList;
			buildConfigurations = (
				A13E22771FA4BD5E00EE58B7 /* Debug */,
				A13E22781FA4BD5E00EE58B7 /* Release */,
			);
			defaultConfigurationIsVisible = 0;
			defaultConfigurationName = Release;
		};
		A13E22791FA4BD5E00EE58B7 /* Build configuration list for PBXNativeTarget "app-swoosh" */ = {
			isa = XCConfigurationList;
			buildConfigurations = (
				A13E227A1FA4BD5E00EE58B7 /* Debug */,
				A13E227B1FA4BD5E00EE58B7 /* Release */,
			);
			defaultConfigurationIsVisible = 0;
			defaultConfigurationName = Release;
		};
/* End XCConfigurationList section */
	};
	rootObject = A13E225F1FA4BD5E00EE58B7 /* Project object */;
}
